
Microsoft Visual Studio Solution File, Format Version 12.00
# Visual Studio Version 16
VisualStudioVersion = 16.0.31025.194
MinimumVisualStudioVersion = 10.0.40219.1
Project("{FAE04EC0-301F-11D3-BF4B-00C04F79EFBC}") = "Tema7", "Tema7.csproj", "{131D22BD-79AC-4742-8A91-AC3B808E0634}"
EndProject
Global
	GlobalSection(SolutionConfigurationPlatforms) = preSolution
		Debug|Any CPU = Debug|Any CPU
		Release|Any CPU = Release|Any CPU
	EndGlobalSection
	GlobalSection(ProjectConfigurationPlatforms) = postSolution
		{131D22BD-79AC-4742-8A91-AC3B808E0634}.Debug|Any CPU.ActiveCfg = Debug|Any CPU
		{131D22BD-79AC-4742-8A91-AC3B808E0634}.Debug|Any CPU.Build.0 = Debug|Any CPU
		{131D22BD-79AC-4742-8A91-AC3B808E0634}.Release|Any CPU.ActiveCfg = Release|Any CPU
		{131D22BD-79AC-4742-8A91-AC3B808E0634}.Release|Any CPU.Build.0 = Release|Any CPU
	EndGlobalSection
	GlobalSection(SolutionProperties) = preSolution
		HideSolutionNode = FALSE
	EndGlobalSection
	GlobalSection(ExtensibilityGlobals) = postSolution
		SolutionGuid = {F27C8667-6263-42BE-95F8-737F6417553A}
	EndGlobalSection
EndGlobal
